
Microsoft Visual Studio Solution File, Format Version 12.00
# Visual Studio Version 16
VisualStudioVersion = 16.0.30011.22
MinimumVisualStudioVersion = 10.0.40219.1
Project("{FAE04EC0-301F-11D3-BF4B-00C04F79EFBC}") = "CombatHelper.Android", "CombatHelper\CombatHelper.Android\CombatHelper.Android.csproj", "{D105E28B-87BC-4689-9E7B-EC0C4E043B22}"
EndProject
Project("{FAE04EC0-301F-11D3-BF4B-00C04F79EFBC}") = "CombatHelper", "CombatHelper\CombatHelper\CombatHelper.csproj", "{A4E28573-A4E6-4301-8E70-A6D25767B11E}"
EndProject
Global
	GlobalSection(SolutionConfigurationPlatforms) = preSolution
		Debug|Any CPU = Debug|Any CPU
		Release|Any CPU = Release|Any CPU
	EndGlobalSection
	GlobalSection(ProjectConfigurationPlatforms) = postSolution
		{D105E28B-87BC-4689-9E7B-EC0C4E043B22}.Debug|Any CPU.ActiveCfg = Debug|Any CPU
		{D105E28B-87BC-4689-9E7B-EC0C4E043B22}.Debug|Any CPU.Build.0 = Debug|Any CPU
		{D105E28B-87BC-4689-9E7B-EC0C4E043B22}.Debug|Any CPU.Deploy.0 = Debug|Any CPU
		{D105E28B-87BC-4689-9E7B-EC0C4E043B22}.Release|Any CPU.ActiveCfg = Release|Any CPU
		{D105E28B-87BC-4689-9E7B-EC0C4E043B22}.Release|Any CPU.Build.0 = Release|Any CPU
		{D105E28B-87BC-4689-9E7B-EC0C4E043B22}.Release|Any CPU.Deploy.0 = Release|Any CPU
		{A4E28573-A4E6-4301-8E70-A6D25767B11E}.Debug|Any CPU.ActiveCfg = Debug|Any CPU
		{A4E28573-A4E6-4301-8E70-A6D25767B11E}.Debug|Any CPU.Build.0 = Debug|Any CPU
		{A4E28573-A4E6-4301-8E70-A6D25767B11E}.Debug|Any CPU.Deploy.0 = Debug|Any CPU
		{A4E28573-A4E6-4301-8E70-A6D25767B11E}.Release|Any CPU.ActiveCfg = Release|Any CPU
		{A4E28573-A4E6-4301-8E70-A6D25767B11E}.Release|Any CPU.Build.0 = Release|Any CPU
		{A4E28573-A4E6-4301-8E70-A6D25767B11E}.Release|Any CPU.Deploy.0 = Release|Any CPU
	EndGlobalSection
	GlobalSection(SolutionProperties) = preSolution
		HideSolutionNode = FALSE
	EndGlobalSection
	GlobalSection(ExtensibilityGlobals) = postSolution
		SolutionGuid = {8178304A-A876-4D34-A7D0-F2BE0AC49686}
	EndGlobalSection
EndGlobal
